
Microsoft Visual Studio Solution File, Format Version 12.00
# Visual Studio Version 17
VisualStudioVersion = 17.10.34928.147
MinimumVisualStudioVersion = 10.0.40219.1
Project("{FAE04EC0-301F-11D3-BF4B-00C04F79EFBC}") = "WebApiApp", "WebApiApp\WebApiApp.csproj", "{6B6634CA-C5D8-438C-B591-ABAF74ABA2BB}"
EndProject
Project("{FAE04EC0-301F-11D3-BF4B-00C04F79EFBC}") = "Domain", "Domain\Domain.csproj", "{27821431-BF42-44F6-8CEB-BD68AFD7FE13}"
EndProject
Project("{FAE04EC0-301F-11D3-BF4B-00C04F79EFBC}") = "Data", "..\Data\Data.csproj", "{7AC231EE-EE47-4773-B5D5-CD9F845284FC}"
EndProject
Project("{FAE04EC0-301F-11D3-BF4B-00C04F79EFBC}") = "Services", "..\Services\Services.csproj", "{7C1686A2-9AA3-4C80-B905-D44ABD08FC28}"
EndProject
Global
	GlobalSection(SolutionConfigurationPlatforms) = preSolution
		Debug|Any CPU = Debug|Any CPU
		Release|Any CPU = Release|Any CPU
	EndGlobalSection
	GlobalSection(ProjectConfigurationPlatforms) = postSolution
		{6B6634CA-C5D8-438C-B591-ABAF74ABA2BB}.Debug|Any CPU.ActiveCfg = Debug|Any CPU
		{6B6634CA-C5D8-438C-B591-ABAF74ABA2BB}.Debug|Any CPU.Build.0 = Debug|Any CPU
		{6B6634CA-C5D8-438C-B591-ABAF74ABA2BB}.Release|Any CPU.ActiveCfg = Release|Any CPU
		{6B6634CA-C5D8-438C-B591-ABAF74ABA2BB}.Release|Any CPU.Build.0 = Release|Any CPU
		{27821431-BF42-44F6-8CEB-BD68AFD7FE13}.Debug|Any CPU.ActiveCfg = Debug|Any CPU
		{27821431-BF42-44F6-8CEB-BD68AFD7FE13}.Debug|Any CPU.Build.0 = Debug|Any CPU
		{27821431-BF42-44F6-8CEB-BD68AFD7FE13}.Release|Any CPU.ActiveCfg = Release|Any CPU
		{27821431-BF42-44F6-8CEB-BD68AFD7FE13}.Release|Any CPU.Build.0 = Release|Any CPU
		{7AC231EE-EE47-4773-B5D5-CD9F845284FC}.Debug|Any CPU.ActiveCfg = Debug|Any CPU
		{7AC231EE-EE47-4773-B5D5-CD9F845284FC}.Debug|Any CPU.Build.0 = Debug|Any CPU
		{7AC231EE-EE47-4773-B5D5-CD9F845284FC}.Release|Any CPU.ActiveCfg = Release|Any CPU
		{7AC231EE-EE47-4773-B5D5-CD9F845284FC}.Release|Any CPU.Build.0 = Release|Any CPU
		{7C1686A2-9AA3-4C80-B905-D44ABD08FC28}.Debug|Any CPU.ActiveCfg = Debug|Any CPU
		{7C1686A2-9AA3-4C80-B905-D44ABD08FC28}.Debug|Any CPU.Build.0 = Debug|Any CPU
		{7C1686A2-9AA3-4C80-B905-D44ABD08FC28}.Release|Any CPU.ActiveCfg = Release|Any CPU
		{7C1686A2-9AA3-4C80-B905-D44ABD08FC28}.Release|Any CPU.Build.0 = Release|Any CPU
	EndGlobalSection
	GlobalSection(SolutionProperties) = preSolution
		HideSolutionNode = FALSE
	EndGlobalSection
	GlobalSection(ExtensibilityGlobals) = postSolution
		SolutionGuid = {98800407-9239-47F0-9890-7F12F5AE6234}
	EndGlobalSection
EndGlobal
